// !$*UTF8*$!
{
	archiveVersion = 1;
	classes = {
	};
	objectVersion = 50;
	objects = {

/* Begin PBXBuildFile section */
		C291D580218BEBAF00276AFC /* AppDelegate.swift in Sources */ = {isa = PBXBuildFile; fileRef = C291D57F218BEBAF00276AFC /* AppDelegate.swift */; };
		C291D582218BEBAF00276AFC /* ViewController.swift in Sources */ = {isa = PBXBuildFile; fileRef = C291D581218BEBAF00276AFC /* ViewController.swift */; };
		C291D585218BEBAF00276AFC /* Main.storyboard in Resources */ = {isa = PBXBuildFile; fileRef = C291D583218BEBAF00276AFC /* Main.storyboard */; };
		C291D587218BEBB100276AFC /* Assets.xcassets in Resources */ = {isa = PBXBuildFile; fileRef = C291D586218BEBB100276AFC /* Assets.xcassets */; };
		C291D58A218BEBB100276AFC /* LaunchScreen.storyboard in Resources */ = {isa = PBXBuildFile; fileRef = C291D588218BEBB100276AFC /* LaunchScreen.storyboard */; };
		C291D592218BF31400276AFC /* SpecialButton.swift in Sources */ = {isa = PBXBuildFile; fileRef = C291D591218BF31400276AFC /* SpecialButton.swift */; };
		C291D594218BFFD400276AFC /* GradientViewX.swift in Sources */ = {isa = PBXBuildFile; fileRef = C291D593218BFFD400276AFC /* GradientViewX.swift */; };
		C291D596218C0CD100276AFC /* PopUpViewControlViewController.swift in Sources */ = {isa = PBXBuildFile; fileRef = C291D595218C0CD100276AFC /* PopUpViewControlViewController.swift */; };
/* End PBXBuildFile section */

/* Begin PBXFileReference section */
		C291D57C218BEBAF00276AFC /* iOSPopUPView.app */ = {isa = PBXFileReference; explicitFileType = wrapper.application; includeInIndex = 0; path = iOSPopUPView.app; sourceTree = BUILT_PRODUCTS_DIR; };
		C291D57F218BEBAF00276AFC /* AppDelegate.swift */ = {isa = PBXFileReference; lastKnownFileType = sourcecode.swift; path = AppDelegate.swift; sourceTree = "<group>"; };
		C291D581218BEBAF00276AFC /* ViewController.swift */ = {isa = PBXFileReference; lastKnownFileType = sourcecode.swift; path = ViewController.swift; sourceTree = "<group>"; };
		C291D584218BEBAF00276AFC /* Base */ = {isa = PBXFileReference; lastKnownFileType = file.storyboard; name = Base; path = Base.lproj/Main.storyboard; sourceTree = "<group>"; };
		C291D586218BEBB100276AFC /* Assets.xcassets */ = {isa = PBXFileReference; lastKnownFileType = folder.assetcatalog; path = Assets.xcassets; sourceTree = "<group>"; };
		C291D589218BEBB100276AFC /* Base */ = {isa = PBXFileReference; lastKnownFileType = file.storyboard; name = Base; path = Base.lproj/LaunchScreen.storyboard; sourceTree = "<group>"; };
		C291D58B218BEBB100276AFC /* Info.plist */ = {isa = PBXFileReference; lastKnownFileType = text.plist.xml; path = Info.plist; sourceTree = "<group>"; };
		C291D591218BF31400276AFC /* SpecialButton.swift */ = {isa = PBXFileReference; lastKnownFileType = sourcecode.swift; path = SpecialButton.swift; sourceTree = "<group>"; };
		C291D593218BFFD400276AFC /* GradientViewX.swift */ = {isa = PBXFileReference; lastKnownFileType = sourcecode.swift; path = GradientViewX.swift; sourceTree = "<group>"; };
		C291D595218C0CD100276AFC /* PopUpViewControlViewController.swift */ = {isa = PBXFileReference; lastKnownFileType = sourcecode.swift; path = PopUpViewControlViewController.swift; sourceTree = "<group>"; };
/* End PBXFileReference section */

/* Begin PBXFrameworksBuildPhase section */
		C291D579218BEBAF00276AFC /* Frameworks */ = {
			isa = PBXFrameworksBuildPhase;
			buildActionMask = 2147483647;
			files = (
			);
			runOnlyForDeploymentPostprocessing = 0;
		};
/* End PBXFrameworksBuildPhase section */

/* Begin PBXGroup section */
		C291D573218BEBAF00276AFC = {
			isa = PBXGroup;
			children = (
				C291D57E218BEBAF00276AFC /* iOSPopUPView */,
				C291D57D218BEBAF00276AFC /* Products */,
			);
			sourceTree = "<group>";
		};
		C291D57D218BEBAF00276AFC /* Products */ = {
			isa = PBXGroup;
			children = (
				C291D57C218BEBAF00276AFC /* iOSPopUPView.app */,
			);
			name = Products;
			sourceTree = "<group>";
		};
		C291D57E218BEBAF00276AFC /* iOSPopUPView */ = {
			isa = PBXGroup;
			children = (
				C291D57F218BEBAF00276AFC /* AppDelegate.swift */,
				C291D581218BEBAF00276AFC /* ViewController.swift */,
				C291D583218BEBAF00276AFC /* Main.storyboard */,
				C291D586218BEBB100276AFC /* Assets.xcassets */,
				C291D588218BEBB100276AFC /* LaunchScreen.storyboard */,
				C291D58B218BEBB100276AFC /* Info.plist */,
				C291D591218BF31400276AFC /* SpecialButton.swift */,
				C291D593218BFFD400276AFC /* GradientViewX.swift */,
				C291D595218C0CD100276AFC /* PopUpViewControlViewController.swift */,
			);
			path = iOSPopUPView;
			sourceTree = "<group>";
		};
/* End PBXGroup section */

/* Begin PBXNativeTarget section */
		C291D57B218BEBAF00276AFC /* iOSPopUPView */ = {
			isa = PBXNativeTarget;
			buildConfigurationList = C291D58E218BEBB100276AFC /* Build configuration list for PBXNativeTarget "iOSPopUPView" */;
			buildPhases = (
				C291D578218BEBAF00276AFC /* Sources */,
				C291D579218BEBAF00276AFC /* Frameworks */,
				C291D57A218BEBAF00276AFC /* Resources */,
			);
			buildRules = (
			);
			dependencies = (
			);
			name = iOSPopUPView;
			productName = iOSPopUPView;
			productReference = C291D57C218BEBAF00276AFC /* iOSPopUPView.app */;
			productType = "com.apple.product-type.application";
		};
/* End PBXNativeTarget section */

/* Begin PBXProject section */
		C291D574218BEBAF00276AFC /* Project object */ = {
			isa = PBXProject;
			attributes = {
				LastSwiftUpdateCheck = 1000;
				LastUpgradeCheck = 1000;
				ORGANIZATIONNAME = Iengpho;
				TargetAttributes = {
					C291D57B218BEBAF00276AFC = {
						CreatedOnToolsVersion = 10.0;
					};
				};
			};
			buildConfigurationList = C291D577218BEBAF00276AFC /* Build configuration list for PBXProject "iOSPopUPView" */;
			compatibilityVersion = "Xcode 9.3";
			developmentRegion = en;
			hasScannedForEncodings = 0;
			knownRegions = (
				en,
				Base,
			);
			mainGroup = C291D573218BEBAF00276AFC;
			productRefGroup = C291D57D218BEBAF00276AFC /* Products */;
			projectDirPath = "";
			projectRoot = "";
			targets = (
				C291D57B218BEBAF00276AFC /* iOSPopUPView */,
			);
		};
/* End PBXProject section */

/* Begin PBXResourcesBuildPhase section */
		C291D57A218BEBAF00276AFC /* Resources */ = {
			isa = PBXResourcesBuildPhase;
			buildActionMask = 2147483647;
			files = (
				C291D58A218BEBB100276AFC /* LaunchScreen.storyboard in Resources */,
				C291D587218BEBB100276AFC /* Assets.xcassets in Resources */,
				C291D585218BEBAF00276AFC /* Main.storyboard in Resources */,
			);
			runOnlyForDeploymentPostprocessing = 0;
		};
/* End PBXResourcesBuildPhase section */

/* Begin PBXSourcesBuildPhase section */
		C291D578218BEBAF00276AFC /* Sources */ = {
			isa = PBXSourcesBuildPhase;
			buildActionMask = 2147483647;
			files = (
				C291D592218BF31400276AFC /* SpecialButton.swift in Sources */,
				C291D596218C0CD100276AFC /* PopUpViewControlViewController.swift in Sources */,
				C291D582218BEBAF00276AFC /* ViewController.swift in Sources */,
				C291D580218BEBAF00276AFC /* AppDelegate.swift in Sources */,
				C291D594218BFFD400276AFC /* GradientViewX.swift in Sources */,
			);
			runOnlyForDeploymentPostprocessing = 0;
		};
/* End PBXSourcesBuildPhase section */

/* Begin PBXVariantGroup section */
		C291D583218BEBAF00276AFC /* Main.storyboard */ = {
			isa = PBXVariantGroup;
			children = (
				C291D584218BEBAF00276AFC /* Base */,
			);
			name = Main.storyboard;
			sourceTree = "<group>";
		};
		C291D588218BEBB100276AFC /* LaunchScreen.storyboard */ = {
			isa = PBXVariantGroup;
			children = (
				C291D589218BEBB100276AFC /* Base */,
			);
			name = LaunchScreen.storyboard;
			sourceTree = "<group>";
		};
/* End PBXVariantGroup section */

/* Begin XCBuildConfiguration section */
		C291D58C218BEBB100276AFC /* Debug */ = {
			isa = XCBuildConfiguration;
			buildSettings = {
				ALWAYS_SEARCH_USER_PATHS = NO;
				CLANG_ANALYZER_NONNULL = YES;
				CLANG_ANALYZER_NUMBER_OBJECT_CONVERSION = YES_AGGRESSIVE;
				CLANG_CXX_LANGUAGE_STANDARD = "gnu++14";
				CLANG_CXX_LIBRARY = "libc++";
				CLANG_ENABLE_MODULES = YES;
				CLANG_ENABLE_OBJC_ARC = YES;
				CLANG_ENABLE_OBJC_WEAK = YES;
				CLANG_WARN_BLOCK_CAPTURE_AUTORELEASING = YES;
				CLANG_WARN_BOOL_CONVERSION = YES;
				CLANG_WARN_COMMA = YES;
				CLANG_WARN_CONSTANT_CONVERSION = YES;
				CLANG_WARN_DEPRECATED_OBJC_IMPLEMENTATIONS = YES;
				CLANG_WARN_DIRECT_OBJC_ISA_USAGE = YES_ERROR;
				CLANG_WARN_DOCUMENTATION_COMMENTS = YES;
				CLANG_WARN_EMPTY_BODY = YES;
				CLANG_WARN_ENUM_CONVERSION = YES;
				CLANG_WARN_INFINITE_RECURSION = YES;
				CLANG_WARN_INT_CONVERSION = YES;
				CLANG_WARN_NON_LITERAL_NULL_CONVERSION = YES;
				CLANG_WARN_OBJC_IMPLICIT_RETAIN_SELF = YES;
				CLANG_WARN_OBJC_LITERAL_CONVERSION = YES;
				CLANG_WARN_OBJC_ROOT_CLASS = YES_ERROR;
				CLANG_WARN_RANGE_LOOP_ANALYSIS = YES;
				CLANG_WARN_STRICT_PROTOTYPES = YES;
				CLANG_WARN_SUSPICIOUS_MOVE = YES;
				CLANG_WARN_UNGUARDED_AVAILABILITY = YES_AGGRESSIVE;
				CLANG_WARN_UNREACHABLE_CODE = YES;
				CLANG_WARN__DUPLICATE_METHOD_MATCH = YES;
				CODE_SIGN_IDENTITY = "iPhone Developer";
				COPY_PHASE_STRIP = NO;
				DEBUG_INFORMATION_FORMAT = dwarf;
				ENABLE_STRICT_OBJC_MSGSEND = YES;
				ENABLE_TESTABILITY = YES;
				GCC_C_LANGUAGE_STANDARD = gnu11;
				GCC_DYNAMIC_NO_PIC = NO;
				GCC_NO_COMMON_BLOCKS = YES;
				GCC_OPTIMIZATION_LEVEL = 0;
				GCC_PREPROCESSOR_DEFINITIONS = (
					"DEBUG=1",
					"$(inherited)",
				);
				GCC_WARN_64_TO_32_BIT_CONVERSION = YES;
				GCC_WARN_ABOUT_RETURN_TYPE = YES_ERROR;
				GCC_WARN_UNDECLARED_SELECTOR = YES;
				GCC_WARN_UNINITIALIZED_AUTOS = YES_AGGRESSIVE;
				GCC_WARN_UNUSED_FUNCTION = YES;
				GCC_WARN_UNUSED_VARIABLE = YES;
				IPHONEOS_DEPLOYMENT_TARGET = 12.0;
				MTL_ENABLE_DEBUG_INFO = INCLUDE_SOURCE;
				MTL_FAST_MATH = YES;
				ONLY_ACTIVE_ARCH = YES;
				SDKROOT = iphoneos;
				SWIFT_ACTIVE_COMPILATION_CONDITIONS = DEBUG;
				SWIFT_OPTIMIZATION_LEVEL = "-Onone";
			};
			name = Debug;
		};
		C291D58D218BEBB100276AFC /* Release */ = {
			isa = XCBuildConfiguration;
			buildSettings = {
				ALWAYS_SEARCH_USER_PATHS = NO;
				CLANG_ANALYZER_NONNULL = YES;
				CLANG_ANALYZER_NUMBER_OBJECT_CONVERSION = YES_AGGRESSIVE;
				CLANG_CXX_LANGUAGE_STANDARD = "gnu++14";
				CLANG_CXX_LIBRARY = "libc++";
				CLANG_ENABLE_MODULES = YES;
				CLANG_ENABLE_OBJC_ARC = YES;
				CLANG_ENABLE_OBJC_WEAK = YES;
				CLANG_WARN_BLOCK_CAPTURE_AUTORELEASING = YES;
				CLANG_WARN_BOOL_CONVERSION = YES;
				CLANG_WARN_COMMA = YES;
				CLANG_WARN_CONSTANT_CONVERSION = YES;
				CLANG_WARN_DEPRECATED_OBJC_IMPLEMENTATIONS = YES;
				CLANG_WARN_DIRECT_OBJC_ISA_USAGE = YES_ERROR;
				CLANG_WARN_DOCUMENTATION_COMMENTS = YES;
				CLANG_WARN_EMPTY_BODY = YES;
				CLANG_WARN_ENUM_CONVERSION = YES;
				CLANG_WARN_INFINITE_RECURSION = YES;
				CLANG_WARN_INT_CONVERSION = YES;
				CLANG_WARN_NON_LITERAL_NULL_CONVERSION = YES;
				CLANG_WARN_OBJC_IMPLICIT_RETAIN_SELF = YES;
				CLANG_WARN_OBJC_LITERAL_CONVERSION = YES;
				CLANG_WARN_OBJC_ROOT_CLASS = YES_ERROR;
				CLANG_WARN_RANGE_LOOP_ANALYSIS = YES;
				CLANG_WARN_STRICT_PROTOTYPES = YES;
				CLANG_WARN_SUSPICIOUS_MOVE = YES;
				CLANG_WARN_UNGUARDED_AVAILABILITY = YES_AGGRESSIVE;
				CLANG_WARN_UNREACHABLE_CODE = YES;
				CLANG_WARN__DUPLICATE_METHOD_MATCH = YES;
				CODE_SIGN_IDENTITY = "iPhone Developer";
				COPY_PHASE_STRIP = NO;
				DEBUG_INFORMATION_FORMAT = "dwarf-with-dsym";
				ENABLE_NS_ASSERTIONS = NO;
				ENABLE_STRICT_OBJC_MSGSEND = YES;
				GCC_C_LANGUAGE_STANDARD = gnu11;
				GCC_NO_COMMON_BLOCKS = YES;
				GCC_WARN_64_TO_32_BIT_CONVERSION = YES;
				GCC_WARN_ABOUT_RETURN_TYPE = YES_ERROR;
				GCC_WARN_UNDECLARED_SELECTOR = YES;
				GCC_WARN_UNINITIALIZED_AUTOS = YES_AGGRESSIVE;
				GCC_WARN_UNUSED_FUNCTION = YES;
				GCC_WARN_UNUSED_VARIABLE = YES;
				IPHONEOS_DEPLOYMENT_TARGET = 12.0;
				MTL_ENABLE_DEBUG_INFO = NO;
				MTL_FAST_MATH = YES;
				SDKROOT = iphoneos;
				SWIFT_COMPILATION_MODE = wholemodule;
				SWIFT_OPTIMIZATION_LEVEL = "-O";
				VALIDATE_PRODUCT = YES;
			};
			name = Release;
		};
		C291D58F218BEBB100276AFC /* Debug */ = {
			isa = XCBuildConfiguration;
			buildSettings = {
				ASSETCATALOG_COMPILER_APPICON_NAME = AppIcon;
				CODE_SIGN_STYLE = Automatic;
				INFOPLIST_FILE = iOSPopUPView/Info.plist;
				LD_RUNPATH_SEARCH_PATHS = (
					"$(inherited)",
					"@executable_path/Frameworks",
				);
				PRODUCT_BUNDLE_IDENTIFIER = com.iengpho.iOSPopUPView;
				PRODUCT_NAME = "$(TARGET_NAME)";
				SWIFT_VERSION = 4.2;
				TARGETED_DEVICE_FAMILY = "1,2";
			};
			name = Debug;
		};
		C291D590218BEBB100276AFC /* Release */ = {
			isa = XCBuildConfiguration;
			buildSettings = {
				ASSETCATALOG_COMPILER_APPICON_NAME = AppIcon;
				CODE_SIGN_STYLE = Automatic;
				INFOPLIST_FILE = iOSPopUPView/Info.plist;
				LD_RUNPATH_SEARCH_PATHS = (
					"$(inherited)",
					"@executable_path/Frameworks",
				);
				PRODUCT_BUNDLE_IDENTIFIER = com.iengpho.iOSPopUPView;
				PRODUCT_NAME = "$(TARGET_NAME)";
				SWIFT_VERSION = 4.2;
				TARGETED_DEVICE_FAMILY = "1,2";
			};
			name = Release;
		};
/* End XCBuildConfiguration section */

/* Begin XCConfigurationList section */
		C291D577218BEBAF00276AFC /* Build configuration list for PBXProject "iOSPopUPView" */ = {
			isa = XCConfigurationList;
			buildConfigurations = (
				C291D58C218BEBB100276AFC /* Debug */,
				C291D58D218BEBB100276AFC /* Release */,
			);
			defaultConfigurationIsVisible = 0;
			defaultConfigurationName = Release;
		};
		C291D58E218BEBB100276AFC /* Build configuration list for PBXNativeTarget "iOSPopUPView" */ = {
			isa = XCConfigurationList;
			buildConfigurations = (
				C291D58F218BEBB100276AFC /* Debug */,
				C291D590218BEBB100276AFC /* Release */,
			);
			defaultConfigurationIsVisible = 0;
			defaultConfigurationName = Release;
		};
/* End XCConfigurationList section */
	};
	rootObject = C291D574218BEBAF00276AFC /* Project object */;
}
